
Microsoft Visual Studio Solution File, Format Version 12.00
# Visual Studio Version 17
VisualStudioVersion = 17.5.33414.496
MinimumVisualStudioVersion = 10.0.40219.1
Project("{FAE04EC0-301F-11D3-BF4B-00C04F79EFBC}") = "Задача 6", "Задача 6\Задача 6.csproj", "{FBDAA04B-8377-4A26-87F1-57304710315C}"
EndProject
Global
	GlobalSection(SolutionConfigurationPlatforms) = preSolution
		Debug|Any CPU = Debug|Any CPU
		Release|Any CPU = Release|Any CPU
	EndGlobalSection
	GlobalSection(ProjectConfigurationPlatforms) = postSolution
		{FBDAA04B-8377-4A26-87F1-57304710315C}.Debug|Any CPU.ActiveCfg = Debug|Any CPU
		{FBDAA04B-8377-4A26-87F1-57304710315C}.Debug|Any CPU.Build.0 = Debug|Any CPU
		{FBDAA04B-8377-4A26-87F1-57304710315C}.Release|Any CPU.ActiveCfg = Release|Any CPU
		{FBDAA04B-8377-4A26-87F1-57304710315C}.Release|Any CPU.Build.0 = Release|Any CPU
	EndGlobalSection
	GlobalSection(SolutionProperties) = preSolution
		HideSolutionNode = FALSE
	EndGlobalSection
	GlobalSection(ExtensibilityGlobals) = postSolution
		SolutionGuid = {0BE68733-2A81-4005-97D4-11205C00E7D5}
	EndGlobalSection
EndGlobal
